
Microsoft Visual Studio Solution File, Format Version 12.00
# Visual Studio 15
Project("{FAE04EC0-301F-11D3-BF4B-00C04F79EFBC}") = "AppointmentApp.Web", "Web\AppointmentApp\AppointmentApp.Web.csproj", "{9F5A2BF3-25A3-42D9-BEC6-DBD351ADE70E}"
EndProject
Project("{2150E333-8FDC-42A3-9474-1A3956D46DE8}") = "Data", "Data", "{05DB2192-9D2E-49EF-A8AE-B773D978B14D}"
EndProject
Project("{2150E333-8FDC-42A3-9474-1A3956D46DE8}") = "Web", "Web", "{5AE97C33-3BAB-4BAC-9316-ACBB6DCF7055}"
EndProject
Project("{FAE04EC0-301F-11D3-BF4B-00C04F79EFBC}") = "Data", "Data\Data\Data.csproj", "{DD714BC5-F865-4911-914C-4C71A339AB48}"
EndProject
Global
	GlobalSection(SolutionConfigurationPlatforms) = preSolution
		Debug|Any CPU = Debug|Any CPU
		Release|Any CPU = Release|Any CPU
	EndGlobalSection
	GlobalSection(ProjectConfigurationPlatforms) = postSolution
		{9F5A2BF3-25A3-42D9-BEC6-DBD351ADE70E}.Debug|Any CPU.ActiveCfg = Debug|Any CPU
		{9F5A2BF3-25A3-42D9-BEC6-DBD351ADE70E}.Debug|Any CPU.Build.0 = Debug|Any CPU
		{9F5A2BF3-25A3-42D9-BEC6-DBD351ADE70E}.Release|Any CPU.ActiveCfg = Release|Any CPU
		{9F5A2BF3-25A3-42D9-BEC6-DBD351ADE70E}.Release|Any CPU.Build.0 = Release|Any CPU
		{DD714BC5-F865-4911-914C-4C71A339AB48}.Debug|Any CPU.ActiveCfg = Debug|Any CPU
		{DD714BC5-F865-4911-914C-4C71A339AB48}.Debug|Any CPU.Build.0 = Debug|Any CPU
		{DD714BC5-F865-4911-914C-4C71A339AB48}.Release|Any CPU.ActiveCfg = Release|Any CPU
		{DD714BC5-F865-4911-914C-4C71A339AB48}.Release|Any CPU.Build.0 = Release|Any CPU
	EndGlobalSection
	GlobalSection(NestedProjects) = preSolution
		{9F5A2BF3-25A3-42D9-BEC6-DBD351ADE70E} = {5AE97C33-3BAB-4BAC-9316-ACBB6DCF7055}
		{DD714BC5-F865-4911-914C-4C71A339AB48} = {05DB2192-9D2E-49EF-A8AE-B773D978B14D}
	EndGlobalSection
EndGlobal
